<?xml version="1.0"?>
<plist version="1.0">
	<dict>
		<key>archiveVersion</key>
		<string>1</string>
		<key>classes</key>
		<dict />
		<key>objectVersion</key>
		<string>46</string>
		<key>objects</key>
		<dict>
			<key>3CBBF694C461A82A575E5F4C</key>
			<dict>
				<key>explicitFileType</key>
				<string>sourcecode.c.h</string>
				<key>fileEncoding</key>
				<string>4</string>
				<key>isa</key>
				<string>PBXFileReference</string>
				<key>name</key>
				<string>ofxGuiDefaultConfig.h</string>
				<key>path</key>
				<string>../../../addons/ofxGuiExtended/src/view/ofxGuiDefaultConfig.h</string>
				<key>sourceTree</key>
				<string>SOURCE_ROOT</string>
			</dict>
			<key>FA2D677A6EFF993302049105</key>
			<dict>
				<key>explicitFileType</key>
				<string>sourcecode.c.h</string>
				<key>fileEncoding</key>
				<string>4</string>
				<key>isa</key>
				<string>PBXFileReference</string>
				<key>name</key>
				<string>ofxDOMLayoutHelper.h</string>
				<key>path</key>
				<string>../../../addons/ofxGuiExtended/src/view/ofxDOMLayoutHelper.h</string>
				<key>sourceTree</key>
				<string>SOURCE_ROOT</string>
			</dict>
			<key>6A28C9A4457912691EF73C5A</key>
			<dict>
				<key>fileRef</key>
				<string>A68BD8D2A1700BF2D8F776B7</string>
				<key>isa</key>
				<string>PBXBuildFile</string>
			</dict>
			<key>A68BD8D2A1700BF2D8F776B7</key>
			<dict>
				<key>explicitFileType</key>
				<string>sourcecode.cpp.cpp</string>
				<key>fileEncoding</key>
				<string>4</string>
				<key>isa</key>
				<string>PBXFileReference</string>
				<key>name</key>
				<string>ofxDOMLayoutHelper.cpp</string>
				<key>path</key>
				<string>../../../addons/ofxGuiExtended/src/view/ofxDOMLayoutHelper.cpp</string>
				<key>sourceTree</key>
				<string>SOURCE_ROOT</string>
			</dict>
			<key>6F2E99AF858BD4605F4C2353</key>
			<dict>
				<key>explicitFileType</key>
				<string>sourcecode.c.h</string>
				<key>fileEncoding</key>
				<string>4</string>
				<key>isa</key>
				<string>PBXFileReference</string>
				<key>name</key>
				<string>ofxDOMFlexBoxLayout.h</string>
				<key>path</key>
				<string>../../../addons/ofxGuiExtended/src/view/ofxDOMFlexBoxLayout.h</string>
				<key>sourceTree</key>
				<string>SOURCE_ROOT</string>
			</dict>
			<key>4EA4D975B78D41287C17E8B0</key>
			<dict>
				<key>fileRef</key>
				<string>0C6B470081D3D460F656E837</string>
				<key>isa</key>
				<string>PBXBuildFile</string>
			</dict>
			<key>0C6B470081D3D460F656E837</key>
			<dict>
				<key>explicitFileType</key>
				<string>sourcecode.cpp.cpp</string>
				<key>fileEncoding</key>
				<string>4</string>
				<key>isa</key>
				<string>PBXFileReference</string>
				<key>name</key>
				<string>ofxDOMFlexBoxLayout.cpp</string>
				<key>path</key>
				<string>../../../addons/ofxGuiExtended/src/view/ofxDOMFlexBoxLayout.cpp</string>
				<key>sourceTree</key>
				<string>SOURCE_ROOT</string>
			</dict>
			<key>8C31FA0FC99249CD4DEE3F7B</key>
			<dict>
				<key>explicitFileType</key>
				<string>sourcecode.c.h</string>
				<key>fileEncoding</key>
				<string>4</string>
				<key>isa</key>
				<string>PBXFileReference</string>
				<key>name</key>
				<string>ofxDOMBoxLayout.h</string>
				<key>path</key>
				<string>../../../addons/ofxGuiExtended/src/view/ofxDOMBoxLayout.h</string>
				<key>sourceTree</key>
				<string>SOURCE_ROOT</string>
			</dict>
			<key>3E7DD42BFE1A6D10F6481124</key>
			<dict>
				<key>fileRef</key>
				<string>2C65378F473DCFF80F18CBA5</string>
				<key>isa</key>
				<string>PBXBuildFile</string>
			</dict>
			<key>2C65378F473DCFF80F18CBA5</key>
			<dict>
				<key>explicitFileType</key>
				<string>sourcecode.cpp.cpp</string>
				<key>fileEncoding</key>
				<string>4</string>
				<key>isa</key>
				<string>PBXFileReference</string>
				<key>name</key>
				<string>ofxDOMBoxLayout.cpp</string>
				<key>path</key>
				<string>../../../addons/ofxGuiExtended/src/view/ofxDOMBoxLayout.cpp</string>
				<key>sourceTree</key>
				<string>SOURCE_ROOT</string>
			</dict>
			<key>B16A374FF9F7B4C5B4609E0A</key>
			<dict>
				<key>explicitFileType</key>
				<string>sourcecode.c.h</string>
				<key>fileEncoding</key>
				<string>4</string>
				<key>isa</key>
				<string>PBXFileReference</string>
				<key>name</key>
				<string>JsonConfigParser.h</string>
				<key>path</key>
				<string>../../../addons/ofxGuiExtended/src/view/JsonConfigParser.h</string>
				<key>sourceTree</key>
				<string>SOURCE_ROOT</string>
			</dict>
			<key>E20840E800A52DE172108EC3</key>
			<dict>
				<key>children</key>
				<array>
					<string>76E32752CACF8184012D5743</string>
					<string>B16A374FF9F7B4C5B4609E0A</string>
					<string>2C65378F473DCFF80F18CBA5</string>
					<string>8C31FA0FC99249CD4DEE3F7B</string>
					<string>0C6B470081D3D460F656E837</string>
					<string>6F2E99AF858BD4605F4C2353</string>
					<string>A68BD8D2A1700BF2D8F776B7</string>
					<string>FA2D677A6EFF993302049105</string>
					<string>3CBBF694C461A82A575E5F4C</string>
				</array>
				<key>isa</key>
				<string>PBXGroup</string>
				<key>name</key>
				<string>view</string>
				<key>sourceTree</key>
				<string>&lt;group&gt;</string>
			</dict>
			<key>08127807991AB0BB4BC8C75F</key>
			<dict>
				<key>fileRef</key>
				<string>76E32752CACF8184012D5743</string>
				<key>isa</key>
				<string>PBXBuildFile</string>
			</dict>
			<key>76E32752CACF8184012D5743</key>
			<dict>
				<key>explicitFileType</key>
				<string>sourcecode.cpp.cpp</string>
				<key>fileEncoding</key>
				<string>4</string>
				<key>isa</key>
				<string>PBXFileReference</string>
				<key>name</key>
				<string>JsonConfigParser.cpp</string>
				<key>path</key>
				<string>../../../addons/ofxGuiExtended/src/view/JsonConfigParser.cpp</string>
				<key>sourceTree</key>
				<string>SOURCE_ROOT</string>
			</dict>
			<key>D2FA04903677669F4D5DBF91</key>
			<dict>
				<key>children</key>
				<array>
					<string>EF91EC44EF89675BEE338FD4</string>
				</array>
				<key>isa</key>
				<string>PBXGroup</string>
				<key>name</key>
				<string>util</string>
				<key>sourceTree</key>
				<string>&lt;group&gt;</string>
			</dict>
			<key>EF91EC44EF89675BEE338FD4</key>
			<dict>
				<key>explicitFileType</key>
				<string>sourcecode.c.h</string>
				<key>fileEncoding</key>
				<string>4</string>
				<key>isa</key>
				<string>PBXFileReference</string>
				<key>name</key>
				<string>IDGenerator.h</string>
				<key>path</key>
				<string>../../../addons/ofxGuiExtended/src/util/IDGenerator.h</string>
				<key>sourceTree</key>
				<string>SOURCE_ROOT</string>
			</dict>
			<key>8F51CAC697C66C42538187D1</key>
			<dict>
				<key>explicitFileType</key>
				<string>sourcecode.c.h</string>
				<key>fileEncoding</key>
				<string>4</string>
				<key>isa</key>
				<string>PBXFileReference</string>
				<key>name</key>
				<string>ofxGuiExtended.h</string>
				<key>path</key>
				<string>../../../addons/ofxGuiExtended/src/ofxGuiExtended.h</string>
				<key>sourceTree</key>
				<string>SOURCE_ROOT</string>
			</dict>
			<key>5C0FDE412DD777CB0A2BCB2D</key>
			<dict>
				<key>fileRef</key>
				<string>213B40B085C2FDC6D03B33B1</string>
				<key>isa</key>
				<string>PBXBuildFile</string>
			</dict>
			<key>213B40B085C2FDC6D03B33B1</key>
			<dict>
				<key>explicitFileType</key>
				<string>sourcecode.cpp.cpp</string>
				<key>fileEncoding</key>
				<string>4</string>
				<key>isa</key>
				<string>PBXFileReference</string>
				<key>name</key>
				<string>ofxGuiExtended.cpp</string>
				<key>path</key>
				<string>../../../addons/ofxGuiExtended/src/ofxGuiExtended.cpp</string>
				<key>sourceTree</key>
				<string>SOURCE_ROOT</string>
			</dict>
			<key>19EE80119674857FAB42C842</key>
			<dict>
				<key>explicitFileType</key>
				<string>sourcecode.c.h</string>
				<key>fileEncoding</key>
				<string>4</string>
				<key>isa</key>
				<string>PBXFileReference</string>
				<key>name</key>
				<string>ofxGuiElement.h</string>
				<key>path</key>
				<string>../../../addons/ofxGuiExtended/src/ofxGuiElement.h</string>
				<key>sourceTree</key>
				<string>SOURCE_ROOT</string>
			</dict>
			<key>792274FFC375D4C8CFEE755F</key>
			<dict>
				<key>fileRef</key>
				<string>CA5E3F253E83EA27E447A2A8</string>
				<key>isa</key>
				<string>PBXBuildFile</string>
			</dict>
			<key>CA5E3F253E83EA27E447A2A8</key>
			<dict>
				<key>explicitFileType</key>
				<string>sourcecode.cpp.cpp</string>
				<key>fileEncoding</key>
				<string>4</string>
				<key>isa</key>
				<string>PBXFileReference</string>
				<key>name</key>
				<string>ofxGuiElement.cpp</string>
				<key>path</key>
				<string>../../../addons/ofxGuiExtended/src/ofxGuiElement.cpp</string>
				<key>sourceTree</key>
				<string>SOURCE_ROOT</string>
			</dict>
			<key>F6D7BAB1E6F21D1BF7F843CE</key>
			<dict>
				<key>explicitFileType</key>
				<string>sourcecode.c.h</string>
				<key>fileEncoding</key>
				<string>4</string>
				<key>isa</key>
				<string>PBXFileReference</string>
				<key>name</key>
				<string>Types.h</string>
				<key>path</key>
				<string>../../../addons/ofxGuiExtended/src/DOM/Types.h</string>
				<key>sourceTree</key>
				<string>SOURCE_ROOT</string>
			</dict>
			<key>16164C667C5E34D21437C58C</key>
			<dict>
				<key>explicitFileType</key>
				<string>sourcecode.c.h</string>
				<key>fileEncoding</key>
				<string>4</string>
				<key>isa</key>
				<string>PBXFileReference</string>
				<key>name</key>
				<string>ofxDOM.h</string>
				<key>path</key>
				<string>../../../addons/ofxGuiExtended/src/DOM/ofxDOM.h</string>
				<key>sourceTree</key>
				<string>SOURCE_ROOT</string>
			</dict>
			<key>8837A42AB627209C464ED1CB</key>
			<dict>
				<key>explicitFileType</key>
				<string>sourcecode.c.h</string>
				<key>fileEncoding</key>
				<string>4</string>
				<key>isa</key>
				<string>PBXFileReference</string>
				<key>name</key>
				<string>Layout.h</string>
				<key>path</key>
				<string>../../../addons/ofxGuiExtended/src/DOM/Layout.h</string>
				<key>sourceTree</key>
				<string>SOURCE_ROOT</string>
			</dict>
			<key>1E8A4D9D2831059ADAC237E1</key>
			<dict>
				<key>fileRef</key>
				<string>03641A2ED721246DEBE48BB6</string>
				<key>isa</key>
				<string>PBXBuildFile</string>
			</dict>
			<key>03641A2ED721246DEBE48BB6</key>
			<dict>
				<key>explicitFileType</key>
				<string>sourcecode.cpp.cpp</string>
				<key>fileEncoding</key>
				<string>4</string>
				<key>isa</key>
				<string>PBXFileReference</string>
				<key>name</key>
				<string>Layout.cpp</string>
				<key>path</key>
				<string>../../../addons/ofxGuiExtended/src/DOM/Layout.cpp</string>
				<key>sourceTree</key>
				<string>SOURCE_ROOT</string>
			</dict>
			<key>FCBAE8C2819BF51E60DC747C</key>
			<dict>
				<key>explicitFileType</key>
				<string>sourcecode.c.h</string>
				<key>fileEncoding</key>
				<string>4</string>
				<key>isa</key>
				<string>PBXFileReference</string>
				<key>name</key>
				<string>Exceptions.h</string>
				<key>path</key>
				<string>../../../addons/ofxGuiExtended/src/DOM/Exceptions.h</string>
				<key>sourceTree</key>
				<string>SOURCE_ROOT</string>
			</dict>
			<key>1E47EA1A0575BB8C39BB0E96</key>
			<dict>
				<key>fileRef</key>
				<string>6ADDE1301DB5AECBEF5B21E5</string>
				<key>isa</key>
				<string>PBXBuildFile</string>
			</dict>
			<key>6ADDE1301DB5AECBEF5B21E5</key>
			<dict>
				<key>explicitFileType</key>
				<string>sourcecode.cpp.cpp</string>
				<key>fileEncoding</key>
				<string>4</string>
				<key>isa</key>
				<string>PBXFileReference</string>
				<key>name</key>
				<string>Exceptions.cpp</string>
				<key>path</key>
				<string>../../../addons/ofxGuiExtended/src/DOM/Exceptions.cpp</string>
				<key>sourceTree</key>
				<string>SOURCE_ROOT</string>
			</dict>
			<key>35DDC9D7877887B9D23690A4</key>
			<dict>
				<key>explicitFileType</key>
				<string>sourcecode.c.h</string>
				<key>fileEncoding</key>
				<string>4</string>
				<key>isa</key>
				<string>PBXFileReference</string>
				<key>name</key>
				<string>EventTarget.h</string>
				<key>path</key>
				<string>../../../addons/ofxGuiExtended/src/DOM/EventTarget.h</string>
				<key>sourceTree</key>
				<string>SOURCE_ROOT</string>
			</dict>
			<key>E97FA420B7F07E1F8349B259</key>
			<dict>
				<key>explicitFileType</key>
				<string>sourcecode.c.h</string>
				<key>fileEncoding</key>
				<string>4</string>
				<key>isa</key>
				<string>PBXFileReference</string>
				<key>name</key>
				<string>Events.h</string>
				<key>path</key>
				<string>../../../addons/ofxGuiExtended/src/DOM/Events.h</string>
				<key>sourceTree</key>
				<string>SOURCE_ROOT</string>
			</dict>
			<key>FAB5D5A57D66F2406B4066CE</key>
			<dict>
				<key>fileRef</key>
				<string>D809EF33AADE8DB85D9F4266</string>
				<key>isa</key>
				<string>PBXBuildFile</string>
			</dict>
			<key>D809EF33AADE8DB85D9F4266</key>
			<dict>
				<key>explicitFileType</key>
				<string>sourcecode.cpp.cpp</string>
				<key>fileEncoding</key>
				<string>4</string>
				<key>isa</key>
				<string>PBXFileReference</string>
				<key>name</key>
				<string>Events.cpp</string>
				<key>path</key>
				<string>../../../addons/ofxGuiExtended/src/DOM/Events.cpp</string>
				<key>sourceTree</key>
				<string>SOURCE_ROOT</string>
			</dict>
			<key>F0E85E664C7587AAB23E59EC</key>
			<dict>
				<key>explicitFileType</key>
				<string>sourcecode.c.h</string>
				<key>fileEncoding</key>
				<string>4</string>
				<key>isa</key>
				<string>PBXFileReference</string>
				<key>name</key>
				<string>Element.h</string>
				<key>path</key>
				<string>../../../addons/ofxGuiExtended/src/DOM/Element.h</string>
				<key>sourceTree</key>
				<string>SOURCE_ROOT</string>
			</dict>
			<key>D8C5E586C319057792A7D92E</key>
			<dict>
				<key>fileRef</key>
				<string>7A4B52B532EA74539045A6EF</string>
				<key>isa</key>
				<string>PBXBuildFile</string>
			</dict>
			<key>7A4B52B532EA74539045A6EF</key>
			<dict>
				<key>explicitFileType</key>
				<string>sourcecode.cpp.cpp</string>
				<key>fileEncoding</key>
				<string>4</string>
				<key>isa</key>
				<string>PBXFileReference</string>
				<key>name</key>
				<string>Element.cpp</string>
				<key>path</key>
				<string>../../../addons/ofxGuiExtended/src/DOM/Element.cpp</string>
				<key>sourceTree</key>
				<string>SOURCE_ROOT</string>
			</dict>
			<key>FF6725DDE1565D12CF840B96</key>
			<dict>
				<key>explicitFileType</key>
				<string>sourcecode.c.h</string>
				<key>fileEncoding</key>
				<string>4</string>
				<key>isa</key>
				<string>PBXFileReference</string>
				<key>name</key>
				<string>Document.h</string>
				<key>path</key>
				<string>../../../addons/ofxGuiExtended/src/DOM/Document.h</string>
				<key>sourceTree</key>
				<string>SOURCE_ROOT</string>
			</dict>
			<key>FAC1F59EC310A57E00CB01E1</key>
			<dict>
				<key>children</key>
				<array>
					<string>AB1ADF157B95D309C00861D2</string>
					<string>FF6725DDE1565D12CF840B96</string>
					<string>7A4B52B532EA74539045A6EF</string>
					<string>F0E85E664C7587AAB23E59EC</string>
					<string>D809EF33AADE8DB85D9F4266</string>
					<string>E97FA420B7F07E1F8349B259</string>
					<string>35DDC9D7877887B9D23690A4</string>
					<string>6ADDE1301DB5AECBEF5B21E5</string>
					<string>FCBAE8C2819BF51E60DC747C</string>
					<string>03641A2ED721246DEBE48BB6</string>
					<string>8837A42AB627209C464ED1CB</string>
					<string>16164C667C5E34D21437C58C</string>
					<string>F6D7BAB1E6F21D1BF7F843CE</string>
				</array>
				<key>isa</key>
				<string>PBXGroup</string>
				<key>name</key>
				<string>DOM</string>
				<key>sourceTree</key>
				<string>&lt;group&gt;</string>
			</dict>
			<key>C688DEE8EC1EFF0A266883D3</key>
			<dict>
				<key>fileRef</key>
				<string>AB1ADF157B95D309C00861D2</string>
				<key>isa</key>
				<string>PBXBuildFile</string>
			</dict>
			<key>AB1ADF157B95D309C00861D2</key>
			<dict>
				<key>explicitFileType</key>
				<string>sourcecode.cpp.cpp</string>
				<key>fileEncoding</key>
				<string>4</string>
				<key>isa</key>
				<string>PBXFileReference</string>
				<key>name</key>
				<string>Document.cpp</string>
				<key>path</key>
				<string>../../../addons/ofxGuiExtended/src/DOM/Document.cpp</string>
				<key>sourceTree</key>
				<string>SOURCE_ROOT</string>
			</dict>
			<key>B27F4BAD65DEA520991E7564</key>
			<dict>
				<key>explicitFileType</key>
				<string>sourcecode.c.h</string>
				<key>fileEncoding</key>
				<string>4</string>
				<key>isa</key>
				<string>PBXFileReference</string>
				<key>name</key>
				<string>ofxGuiZoomableGraphics.h</string>
				<key>path</key>
				<string>../../../addons/ofxGuiExtended/src/controls/ofxGuiZoomableGraphics.h</string>
				<key>sourceTree</key>
				<string>SOURCE_ROOT</string>
			</dict>
			<key>96D881793A465B099189E933</key>
			<dict>
				<key>fileRef</key>
				<string>8442D8A7A7F11B5548BE3FB1</string>
				<key>isa</key>
				<string>PBXBuildFile</string>
			</dict>
			<key>8442D8A7A7F11B5548BE3FB1</key>
			<dict>
				<key>explicitFileType</key>
				<string>sourcecode.cpp.cpp</string>
				<key>fileEncoding</key>
				<string>4</string>
				<key>isa</key>
				<string>PBXFileReference</string>
				<key>name</key>
				<string>ofxGuiZoomableGraphics.cpp</string>
				<key>path</key>
				<string>../../../addons/ofxGuiExtended/src/controls/ofxGuiZoomableGraphics.cpp</string>
				<key>sourceTree</key>
				<string>SOURCE_ROOT</string>
			</dict>
			<key>5C019895B6F1C30124969338</key>
			<dict>
				<key>explicitFileType</key>
				<string>sourcecode.c.h</string>
				<key>fileEncoding</key>
				<string>4</string>
				<key>isa</key>
				<string>PBXFileReference</string>
				<key>name</key>
				<string>ofxGuiValuePlotter.h</string>
				<key>path</key>
				<string>../../../addons/ofxGuiExtended/src/controls/ofxGuiValuePlotter.h</string>
				<key>sourceTree</key>
				<string>SOURCE_ROOT</string>
			</dict>
			<key>03CD6A4243F666D36FA8F868</key>
			<dict>
				<key>fileRef</key>
				<string>8207B315A28488595D2D415C</string>
				<key>isa</key>
				<string>PBXBuildFile</string>
			</dict>
			<key>8207B315A28488595D2D415C</key>
			<dict>
				<key>explicitFileType</key>
				<string>sourcecode.cpp.cpp</string>
				<key>fileEncoding</key>
				<string>4</string>
				<key>isa</key>
				<string>PBXFileReference</string>
				<key>name</key>
				<string>ofxGuiValuePlotter.cpp</string>
				<key>path</key>
				<string>../../../addons/ofxGuiExtended/src/controls/ofxGuiValuePlotter.cpp</string>
				<key>sourceTree</key>
				<string>SOURCE_ROOT</string>
			</dict>
			<key>F07695D62846CC2B3E7CE30C</key>
			<dict>
				<key>explicitFileType</key>
				<string>sourcecode.c.h</string>
				<key>fileEncoding</key>
				<string>4</string>
				<key>isa</key>
				<string>PBXFileReference</string>
				<key>name</key>
				<string>ofxGuiToggle.h</string>
				<key>path</key>
				<string>../../../addons/ofxGuiExtended/src/controls/ofxGuiToggle.h</string>
				<key>sourceTree</key>
				<string>SOURCE_ROOT</string>
			</dict>
			<key>5DF76B748ED2393A56E6914F</key>
			<dict>
				<key>fileRef</key>
				<string>2333F33018FC9FEF0A7F8C15</string>
				<key>isa</key>
				<string>PBXBuildFile</string>
			</dict>
			<key>2333F33018FC9FEF0A7F8C15</key>
			<dict>
				<key>explicitFileType</key>
				<string>sourcecode.cpp.cpp</string>
				<key>fileEncoding</key>
				<string>4</string>
				<key>isa</key>
				<string>PBXFileReference</string>
				<key>name</key>
				<string>ofxGuiToggle.cpp</string>
				<key>path</key>
				<string>../../../addons/ofxGuiExtended/src/controls/ofxGuiToggle.cpp</string>
				<key>sourceTree</key>
				<string>SOURCE_ROOT</string>
			</dict>
			<key>B7E2BD918BE2FCE09352C3F7</key>
			<dict>
				<key>explicitFileType</key>
				<string>sourcecode.c.h</string>
				<key>fileEncoding</key>
				<string>4</string>
				<key>isa</key>
				<string>PBXFileReference</string>
				<key>name</key>
				<string>ofxGuiSlider.h</string>
				<key>path</key>
				<string>../../../addons/ofxGuiExtended/src/controls/ofxGuiSlider.h</string>
				<key>sourceTree</key>
				<string>SOURCE_ROOT</string>
			</dict>
			<key>7AB003C531E50666511A7982</key>
			<dict>
				<key>fileRef</key>
				<string>6478A0882AE2B72C38FD01D9</string>
				<key>isa</key>
				<string>PBXBuildFile</string>
			</dict>
			<key>6478A0882AE2B72C38FD01D9</key>
			<dict>
				<key>explicitFileType</key>
				<string>sourcecode.cpp.cpp</string>
				<key>fileEncoding</key>
				<string>4</string>
				<key>isa</key>
				<string>PBXFileReference</string>
				<key>name</key>
				<string>ofxGuiSlider.cpp</string>
				<key>path</key>
				<string>../../../addons/ofxGuiExtended/src/controls/ofxGuiSlider.cpp</string>
				<key>sourceTree</key>
				<string>SOURCE_ROOT</string>
			</dict>
			<key>6A2ECA212273BEFE401DCAB3</key>
			<dict>
				<key>explicitFileType</key>
				<string>sourcecode.c.h</string>
				<key>fileEncoding</key>
				<string>4</string>
				<key>isa</key>
				<string>PBXFileReference</string>
				<key>name</key>
				<string>ofxGuiRangeSlider.h</string>
				<key>path</key>
				<string>../../../addons/ofxGuiExtended/src/controls/ofxGuiRangeSlider.h</string>
				<key>sourceTree</key>
				<string>SOURCE_ROOT</string>
			</dict>
			<key>35535925AAEE52A64874B881</key>
			<dict>
				<key>fileRef</key>
				<string>68A736255108DF03AFC4BB3E</string>
				<key>isa</key>
				<string>PBXBuildFile</string>
			</dict>
			<key>68A736255108DF03AFC4BB3E</key>
			<dict>
				<key>explicitFileType</key>
				<string>sourcecode.cpp.cpp</string>
				<key>fileEncoding</key>
				<string>4</string>
				<key>isa</key>
				<string>PBXFileReference</string>
				<key>name</key>
				<string>ofxGuiRangeSlider.cpp</string>
				<key>path</key>
				<string>../../../addons/ofxGuiExtended/src/controls/ofxGuiRangeSlider.cpp</string>
				<key>sourceTree</key>
				<string>SOURCE_ROOT</string>
			</dict>
			<key>A3BDD97E9CCE9A2675DDC615</key>
			<dict>
				<key>explicitFileType</key>
				<string>sourcecode.c.h</string>
				<key>fileEncoding</key>
				<string>4</string>
				<key>isa</key>
				<string>PBXFileReference</string>
				<key>name</key>
				<string>ofxGuiLabel.h</string>
				<key>path</key>
				<string>../../../addons/ofxGuiExtended/src/controls/ofxGuiLabel.h</string>
				<key>sourceTree</key>
				<string>SOURCE_ROOT</string>
			</dict>
			<key>7A22364A34D38C91D859D354</key>
			<dict>
				<key>fileRef</key>
				<string>F9E4BC31293B5855C601FB91</string>
				<key>isa</key>
				<string>PBXBuildFile</string>
			</dict>
			<key>F9E4BC31293B5855C601FB91</key>
			<dict>
				<key>explicitFileType</key>
				<string>sourcecode.cpp.cpp</string>
				<key>fileEncoding</key>
				<string>4</string>
				<key>isa</key>
				<string>PBXFileReference</string>
				<key>name</key>
				<string>ofxGuiLabel.cpp</string>
				<key>path</key>
				<string>../../../addons/ofxGuiExtended/src/controls/ofxGuiLabel.cpp</string>
				<key>sourceTree</key>
				<string>SOURCE_ROOT</string>
			</dict>
			<key>AE603E0BACE98CB9A24BAE62</key>
			<dict>
				<key>explicitFileType</key>
				<string>sourcecode.c.h</string>
				<key>fileEncoding</key>
				<string>4</string>
				<key>isa</key>
				<string>PBXFileReference</string>
				<key>name</key>
				<string>ofxGuiInputField.h</string>
				<key>path</key>
				<string>../../../addons/ofxGuiExtended/src/controls/ofxGuiInputField.h</string>
				<key>sourceTree</key>
				<string>SOURCE_ROOT</string>
			</dict>
			<key>F632072F6E6313CD75B4B70F</key>
			<dict>
				<key>fileRef</key>
				<string>DA2BCEF495EF00E1B455B1F6</string>
				<key>isa</key>
				<string>PBXBuildFile</string>
			</dict>
			<key>DA2BCEF495EF00E1B455B1F6</key>
			<dict>
				<key>explicitFileType</key>
				<string>sourcecode.cpp.cpp</string>
				<key>fileEncoding</key>
				<string>4</string>
				<key>isa</key>
				<string>PBXFileReference</string>
				<key>name</key>
				<string>ofxGuiInputField.cpp</string>
				<key>path</key>
				<string>../../../addons/ofxGuiExtended/src/controls/ofxGuiInputField.cpp</string>
				<key>sourceTree</key>
				<string>SOURCE_ROOT</string>
			</dict>
			<key>A7833EF7608C5DA1AB84BE8E</key>
			<dict>
				<key>explicitFileType</key>
				<string>sourcecode.c.h</string>
				<key>fileEncoding</key>
				<string>4</string>
				<key>isa</key>
				<string>PBXFileReference</string>
				<key>name</key>
				<string>ofxGuiGraphics.h</string>
				<key>path</key>
				<string>../../../addons/ofxGuiExtended/src/controls/ofxGuiGraphics.h</string>
				<key>sourceTree</key>
				<string>SOURCE_ROOT</string>
			</dict>
			<key>7CEBB18388F905779AB54F80</key>
			<dict>
				<key>fileRef</key>
				<string>508D15A543715E9E0BAB61A8</string>
				<key>isa</key>
				<string>PBXBuildFile</string>
			</dict>
			<key>508D15A543715E9E0BAB61A8</key>
			<dict>
				<key>explicitFileType</key>
				<string>sourcecode.cpp.cpp</string>
				<key>fileEncoding</key>
				<string>4</string>
				<key>isa</key>
				<string>PBXFileReference</string>
				<key>name</key>
				<string>ofxGuiGraphics.cpp</string>
				<key>path</key>
				<string>../../../addons/ofxGuiExtended/src/controls/ofxGuiGraphics.cpp</string>
				<key>sourceTree</key>
				<string>SOURCE_ROOT</string>
			</dict>
			<key>09D8BD1E4337EAE9C8DDE0B3</key>
			<dict>
				<key>explicitFileType</key>
				<string>sourcecode.c.h</string>
				<key>fileEncoding</key>
				<string>4</string>
				<key>isa</key>
				<string>PBXFileReference</string>
				<key>name</key>
				<string>ofxGuiFunctionPlotter.h</string>
				<key>path</key>
				<string>../../../addons/ofxGuiExtended/src/controls/ofxGuiFunctionPlotter.h</string>
				<key>sourceTree</key>
				<string>SOURCE_ROOT</string>
			</dict>
			<key>F2DE26B77052C57086C4C69B</key>
			<dict>
				<key>fileRef</key>
				<string>950B86B6711F3EE2FB964C32</string>
				<key>isa</key>
				<string>PBXBuildFile</string>
			</dict>
			<key>950B86B6711F3EE2FB964C32</key>
			<dict>
				<key>explicitFileType</key>
				<string>sourcecode.cpp.cpp</string>
				<key>fileEncoding</key>
				<string>4</string>
				<key>isa</key>
				<string>PBXFileReference</string>
				<key>name</key>
				<string>ofxGuiFunctionPlotter.cpp</string>
				<key>path</key>
				<string>../../../addons/ofxGuiExtended/src/controls/ofxGuiFunctionPlotter.cpp</string>
				<key>sourceTree</key>
				<string>SOURCE_ROOT</string>
			</dict>
			<key>E98EAA801ED4C312AFBFE56A</key>
			<dict>
				<key>explicitFileType</key>
				<string>sourcecode.c.h</string>
				<key>fileEncoding</key>
				<string>4</string>
				<key>isa</key>
				<string>PBXFileReference</string>
				<key>name</key>
				<string>ofxGuiFpsPlotter.h</string>
				<key>path</key>
				<string>../../../addons/ofxGuiExtended/src/controls/ofxGuiFpsPlotter.h</string>
				<key>sourceTree</key>
				<string>SOURCE_ROOT</string>
			</dict>
			<key>4524F366BF3EEC2EFC12B68F</key>
			<dict>
				<key>fileRef</key>
				<string>0EACB1FD3730B7AC4472B6FF</string>
				<key>isa</key>
				<string>PBXBuildFile</string>
			</dict>
			<key>0EACB1FD3730B7AC4472B6FF</key>
			<dict>
				<key>explicitFileType</key>
				<string>sourcecode.cpp.cpp</string>
				<key>fileEncoding</key>
				<string>4</string>
				<key>isa</key>
				<string>PBXFileReference</string>
				<key>name</key>
				<string>ofxGuiFpsPlotter.cpp</string>
				<key>path</key>
				<string>../../../addons/ofxGuiExtended/src/controls/ofxGuiFpsPlotter.cpp</string>
				<key>sourceTree</key>
				<string>SOURCE_ROOT</string>
			</dict>
			<key>DD3A5FE1F4889595B0F90B55</key>
			<dict>
				<key>explicitFileType</key>
				<string>sourcecode.c.h</string>
				<key>fileEncoding</key>
				<string>4</string>
				<key>isa</key>
				<string>PBXFileReference</string>
				<key>name</key>
				<string>ofxGuiButton.h</string>
				<key>path</key>
				<string>../../../addons/ofxGuiExtended/src/controls/ofxGuiButton.h</string>
				<key>sourceTree</key>
				<string>SOURCE_ROOT</string>
			</dict>
			<key>F0AD07976D10BFA469C92DAA</key>
			<dict>
				<key>children</key>
				<array>
					<string>3CDB98FDF8C3BFD666AD3B72</string>
					<string>DD3A5FE1F4889595B0F90B55</string>
					<string>0EACB1FD3730B7AC4472B6FF</string>
					<string>E98EAA801ED4C312AFBFE56A</string>
					<string>950B86B6711F3EE2FB964C32</string>
					<string>09D8BD1E4337EAE9C8DDE0B3</string>
					<string>508D15A543715E9E0BAB61A8</string>
					<string>A7833EF7608C5DA1AB84BE8E</string>
					<string>DA2BCEF495EF00E1B455B1F6</string>
					<string>AE603E0BACE98CB9A24BAE62</string>
					<string>F9E4BC31293B5855C601FB91</string>
					<string>A3BDD97E9CCE9A2675DDC615</string>
					<string>68A736255108DF03AFC4BB3E</string>
					<string>6A2ECA212273BEFE401DCAB3</string>
					<string>6478A0882AE2B72C38FD01D9</string>
					<string>B7E2BD918BE2FCE09352C3F7</string>
					<string>2333F33018FC9FEF0A7F8C15</string>
					<string>F07695D62846CC2B3E7CE30C</string>
					<string>8207B315A28488595D2D415C</string>
					<string>5C019895B6F1C30124969338</string>
					<string>8442D8A7A7F11B5548BE3FB1</string>
					<string>B27F4BAD65DEA520991E7564</string>
				</array>
				<key>isa</key>
				<string>PBXGroup</string>
				<key>name</key>
				<string>controls</string>
				<key>sourceTree</key>
				<string>&lt;group&gt;</string>
			</dict>
			<key>8DE52B72CB62786CAB8233F7</key>
			<dict>
				<key>fileRef</key>
				<string>3CDB98FDF8C3BFD666AD3B72</string>
				<key>isa</key>
				<string>PBXBuildFile</string>
			</dict>
			<key>3CDB98FDF8C3BFD666AD3B72</key>
			<dict>
				<key>explicitFileType</key>
				<string>sourcecode.cpp.cpp</string>
				<key>fileEncoding</key>
				<string>4</string>
				<key>isa</key>
				<string>PBXFileReference</string>
				<key>name</key>
				<string>ofxGuiButton.cpp</string>
				<key>path</key>
				<string>../../../addons/ofxGuiExtended/src/controls/ofxGuiButton.cpp</string>
				<key>sourceTree</key>
				<string>SOURCE_ROOT</string>
			</dict>
			<key>0DCB96910A3B8D2DBBEA188B</key>
			<dict>
				<key>explicitFileType</key>
				<string>sourcecode.c.h</string>
				<key>fileEncoding</key>
				<string>4</string>
				<key>isa</key>
				<string>PBXFileReference</string>
				<key>name</key>
				<string>ofxGuiTabs.h</string>
				<key>path</key>
				<string>../../../addons/ofxGuiExtended/src/containers/ofxGuiTabs.h</string>
				<key>sourceTree</key>
				<string>SOURCE_ROOT</string>
			</dict>
			<key>D1F07B0CD403BD9B4A42B691</key>
			<dict>
				<key>fileRef</key>
				<string>A965AA20E3EF2F1226464388</string>
				<key>isa</key>
				<string>PBXBuildFile</string>
			</dict>
			<key>A965AA20E3EF2F1226464388</key>
			<dict>
				<key>explicitFileType</key>
				<string>sourcecode.cpp.cpp</string>
				<key>fileEncoding</key>
				<string>4</string>
				<key>isa</key>
				<string>PBXFileReference</string>
				<key>name</key>
				<string>ofxGuiTabs.cpp</string>
				<key>path</key>
				<string>../../../addons/ofxGuiExtended/src/containers/ofxGuiTabs.cpp</string>
				<key>sourceTree</key>
				<string>SOURCE_ROOT</string>
			</dict>
			<key>1108D75E4CE76FF290CF7811</key>
			<dict>
				<key>explicitFileType</key>
				<string>sourcecode.c.h</string>
				<key>fileEncoding</key>
				<string>4</string>
				<key>isa</key>
				<string>PBXFileReference</string>
				<key>name</key>
				<string>ofxGuiSliderGroup.h</string>
				<key>path</key>
				<string>../../../addons/ofxGuiExtended/src/containers/ofxGuiSliderGroup.h</string>
				<key>sourceTree</key>
				<string>SOURCE_ROOT</string>
			</dict>
			<key>3C8DAD7A64F6347D7021518E</key>
			<dict>
				<key>fileRef</key>
				<string>6427743BBF76D108B64AD4C0</string>
				<key>isa</key>
				<string>PBXBuildFile</string>
			</dict>
			<key>6427743BBF76D108B64AD4C0</key>
			<dict>
				<key>explicitFileType</key>
				<string>sourcecode.cpp.cpp</string>
				<key>fileEncoding</key>
				<string>4</string>
				<key>isa</key>
				<string>PBXFileReference</string>
				<key>name</key>
				<string>ofxGuiSliderGroup.cpp</string>
				<key>path</key>
				<string>../../../addons/ofxGuiExtended/src/containers/ofxGuiSliderGroup.cpp</string>
				<key>sourceTree</key>
				<string>SOURCE_ROOT</string>
			</dict>
			<key>E7669656D1682C567E9B1708</key>
			<dict>
				<key>explicitFileType</key>
				<string>sourcecode.c.h</string>
				<key>fileEncoding</key>
				<string>4</string>
				<key>isa</key>
				<string>PBXFileReference</string>
				<key>name</key>
				<string>ofxGuiPanel.h</string>
				<key>path</key>
				<string>../../../addons/ofxGuiExtended/src/containers/ofxGuiPanel.h</string>
				<key>sourceTree</key>
				<string>SOURCE_ROOT</string>
			</dict>
			<key>ED28C29028FC6EC7B05354E7</key>
			<dict>
				<key>fileRef</key>
				<string>4FACBD8A416E35A42666C290</string>
				<key>isa</key>
				<string>PBXBuildFile</string>
			</dict>
			<key>4FACBD8A416E35A42666C290</key>
			<dict>
				<key>explicitFileType</key>
				<string>sourcecode.cpp.cpp</string>
				<key>fileEncoding</key>
				<string>4</string>
				<key>isa</key>
				<string>PBXFileReference</string>
				<key>name</key>
				<string>ofxGuiPanel.cpp</string>
				<key>path</key>
				<string>../../../addons/ofxGuiExtended/src/containers/ofxGuiPanel.cpp</string>
				<key>sourceTree</key>
				<string>SOURCE_ROOT</string>
			</dict>
			<key>C3B8F52F9FA66346BF5F2562</key>
			<dict>
				<key>explicitFileType</key>
				<string>sourcecode.c.h</string>
				<key>fileEncoding</key>
				<string>4</string>
				<key>isa</key>
				<string>PBXFileReference</string>
				<key>name</key>
				<string>ofxGuiMenu.h</string>
				<key>path</key>
				<string>../../../addons/ofxGuiExtended/src/containers/ofxGuiMenu.h</string>
				<key>sourceTree</key>
				<string>SOURCE_ROOT</string>
			</dict>
			<key>FAA0E29FB390332008E4F19A</key>
			<dict>
				<key>fileRef</key>
				<string>05CFAF326D17C36BA129F27B</string>
				<key>isa</key>
				<string>PBXBuildFile</string>
			</dict>
			<key>05CFAF326D17C36BA129F27B</key>
			<dict>
				<key>explicitFileType</key>
				<string>sourcecode.cpp.cpp</string>
				<key>fileEncoding</key>
				<string>4</string>
				<key>isa</key>
				<string>PBXFileReference</string>
				<key>name</key>
				<string>ofxGuiMenu.cpp</string>
				<key>path</key>
				<string>../../../addons/ofxGuiExtended/src/containers/ofxGuiMenu.cpp</string>
				<key>sourceTree</key>
				<string>SOURCE_ROOT</string>
			</dict>
			<key>124EE9F10F30A440237B0CB2</key>
			<dict>
				<key>explicitFileType</key>
				<string>sourcecode.c.h</string>
				<key>fileEncoding</key>
				<string>4</string>
				<key>isa</key>
				<string>PBXFileReference</string>
				<key>name</key>
				<string>ofxGuiGroup.h</string>
				<key>path</key>
				<string>../../../addons/ofxGuiExtended/src/containers/ofxGuiGroup.h</string>
				<key>sourceTree</key>
				<string>SOURCE_ROOT</string>
			</dict>
			<key>430300F687323CE1F5D14062</key>
			<dict>
				<key>fileRef</key>
				<string>79FFCFC0C98F7EA1601EEC98</string>
				<key>isa</key>
				<string>PBXBuildFile</string>
			</dict>
			<key>79FFCFC0C98F7EA1601EEC98</key>
			<dict>
				<key>explicitFileType</key>
				<string>sourcecode.cpp.cpp</string>
				<key>fileEncoding</key>
				<string>4</string>
				<key>isa</key>
				<string>PBXFileReference</string>
				<key>name</key>
				<string>ofxGuiGroup.cpp</string>
				<key>path</key>
				<string>../../../addons/ofxGuiExtended/src/containers/ofxGuiGroup.cpp</string>
				<key>sourceTree</key>
				<string>SOURCE_ROOT</string>
			</dict>
			<key>A56E0E0F06B0130FE8736CE7</key>
			<dict>
				<key>explicitFileType</key>
				<string>sourcecode.c.h</string>
				<key>fileEncoding</key>
				<string>4</string>
				<key>isa</key>
				<string>PBXFileReference</string>
				<key>name</key>
				<string>ofxGuiContainer.h</string>
				<key>path</key>
				<string>../../../addons/ofxGuiExtended/src/containers/ofxGuiContainer.h</string>
				<key>sourceTree</key>
				<string>SOURCE_ROOT</string>
			</dict>
			<key>62D271CDC67B01E941E96E5C</key>
			<dict>
				<key>children</key>
				<array>
					<string>9FA6FA14390B836B8CCC3A40</string>
					<string>A56E0E0F06B0130FE8736CE7</string>
					<string>79FFCFC0C98F7EA1601EEC98</string>
					<string>124EE9F10F30A440237B0CB2</string>
					<string>05CFAF326D17C36BA129F27B</string>
					<string>C3B8F52F9FA66346BF5F2562</string>
					<string>4FACBD8A416E35A42666C290</string>
					<string>E7669656D1682C567E9B1708</string>
					<string>6427743BBF76D108B64AD4C0</string>
					<string>1108D75E4CE76FF290CF7811</string>
					<string>A965AA20E3EF2F1226464388</string>
					<string>0DCB96910A3B8D2DBBEA188B</string>
				</array>
				<key>isa</key>
				<string>PBXGroup</string>
				<key>name</key>
				<string>containers</string>
				<key>sourceTree</key>
				<string>&lt;group&gt;</string>
			</dict>
			<key>FF557B38E74FD99053AD7E34</key>
			<dict>
				<key>children</key>
				<array>
					<string>62D271CDC67B01E941E96E5C</string>
					<string>F0AD07976D10BFA469C92DAA</string>
					<string>FAC1F59EC310A57E00CB01E1</string>
					<string>CA5E3F253E83EA27E447A2A8</string>
					<string>19EE80119674857FAB42C842</string>
					<string>213B40B085C2FDC6D03B33B1</string>
					<string>8F51CAC697C66C42538187D1</string>
					<string>D2FA04903677669F4D5DBF91</string>
					<string>E20840E800A52DE172108EC3</string>
				</array>
				<key>isa</key>
				<string>PBXGroup</string>
				<key>name</key>
				<string>src</string>
				<key>sourceTree</key>
				<string>&lt;group&gt;</string>
			</dict>
			<key>DFCCF8BDC58AFA44D27F9F11</key>
			<dict>
				<key>children</key>
				<array>
					<string>FF557B38E74FD99053AD7E34</string>
				</array>
				<key>isa</key>
				<string>PBXGroup</string>
				<key>name</key>
				<string>ofxGuiExtended</string>
				<key>sourceTree</key>
				<string>&lt;group&gt;</string>
			</dict>
			<key>44545A9D3367197D1CE8DC18</key>
			<dict>
				<key>fileRef</key>
				<string>9FA6FA14390B836B8CCC3A40</string>
				<key>isa</key>
				<string>PBXBuildFile</string>
			</dict>
			<key>9FA6FA14390B836B8CCC3A40</key>
			<dict>
				<key>explicitFileType</key>
				<string>sourcecode.cpp.cpp</string>
				<key>fileEncoding</key>
				<string>4</string>
				<key>isa</key>
				<string>PBXFileReference</string>
				<key>name</key>
				<string>ofxGuiContainer.cpp</string>
				<key>path</key>
				<string>../../../addons/ofxGuiExtended/src/containers/ofxGuiContainer.cpp</string>
				<key>sourceTree</key>
				<string>SOURCE_ROOT</string>
			</dict>
			<key>6948EE371B920CB800B5AC1A</key>
			<dict>
				<key>children</key>
				<array />
				<key>isa</key>
				<string>PBXGroup</string>
				<key>name</key>
				<string>local_addons</string>
				<key>sourceTree</key>
				<string>&lt;group&gt;</string>
			</dict>
			<key>8466F1851C04CA0E00918B1C</key>
			<dict>
				<key>buildActionMask</key>
				<string>12</string>
				<key>files</key>
				<array />
				<key>inputPaths</key>
				<array />
				<key>isa</key>
				<string>PBXShellScriptBuildPhase</string>
				<key>outputPaths</key>
				<array />
				<key>runOnlyForDeploymentPostprocessing</key>
				<string>0</string>
				<key>shellPath</key>
				<string>/bin/sh</string>
				<key>shellScript</key>
				<string>echo "$GCC_PREPROCESSOR_DEFINITIONS";
APPSTORE=`expr "$GCC_PREPROCESSOR_DEFINITIONS" : ".*APPSTORE=\([0-9]*\)"`
if [ -z "$APPSTORE" ] ; then
echo "Note: Not copying bin/data to App Package or doing App Code signing. Use AppStore target for AppStore distribution";
else
# Copy bin/data into App/Resources
rsync -avz --exclude='.DS_Store' "${SRCROOT}/bin/data/" "${TARGET_BUILD_DIR}/${UNLOCALIZED_RESOURCES_FOLDER_PATH}/data/"

# ---- Code Sign App Package ----

# WARNING: You may have to run Clean in Xcode after changing CODE_SIGN_IDENTITY!

# Verify that $CODE_SIGN_IDENTITY is set
if [ -z "${CODE_SIGN_IDENTITY}" ] ; then
echo "CODE_SIGN_IDENTITY needs to be set for framework code-signing"
exit 0
fi

if [ -z "${CODE_SIGN_ENTITLEMENTS}" ] ; then
echo "CODE_SIGN_ENTITLEMENTS needs to be set for framework code-signing!"

if [ "${CONFIGURATION}" = "Release" ] ; then
exit 1
else
# Code-signing is optional for non-release builds.
exit 0
fi
fi

ITEMS=""

FRAMEWORKS_DIR="${TARGET_BUILD_DIR}/${FRAMEWORKS_FOLDER_PATH}"
echo "$FRAMEWORKS_DIR"
if [ -d "$FRAMEWORKS_DIR" ] ; then
FRAMEWORKS=$(find "${FRAMEWORKS_DIR}" -depth -type d -name "*.framework" -or -name "*.dylib" -or -name "*.bundle" | sed -e "s/\(.*framework\)/\1\/Versions\/A\//")
RESULT=$?
if [[ $RESULT != 0 ]] ; then
exit 1
fi

ITEMS="${FRAMEWORKS}"
fi

LOGINITEMS_DIR="${TARGET_BUILD_DIR}/${CONTENTS_FOLDER_PATH}/Library/LoginItems/"
if [ -d "$LOGINITEMS_DIR" ] ; then
LOGINITEMS=$(find "${LOGINITEMS_DIR}" -depth -type d -name "*.app")
RESULT=$?
if [[ $RESULT != 0 ]] ; then
exit 1
fi

ITEMS="${ITEMS}"$'\n'"${LOGINITEMS}"
fi

# Prefer the expanded name, if available.
CODE_SIGN_IDENTITY_FOR_ITEMS="${EXPANDED_CODE_SIGN_IDENTITY_NAME}"
if [ "${CODE_SIGN_IDENTITY_FOR_ITEMS}" = "" ] ; then
# Fall back to old behavior.
CODE_SIGN_IDENTITY_FOR_ITEMS="${CODE_SIGN_IDENTITY}"
fi

echo "Identity:"
echo "${CODE_SIGN_IDENTITY_FOR_ITEMS}"

echo "Entitlements:"
echo "${CODE_SIGN_ENTITLEMENTS}"

echo "Found:"
echo "${ITEMS}"

# Change the Internal Field Separator (IFS) so that spaces in paths will not cause problems below.
SAVED_IFS=$IFS
IFS=$(echo -en "\n\b")

# Loop through all items.
for ITEM in $ITEMS;
do
echo "Signing '${ITEM}'"
codesign --force --verbose --sign "${CODE_SIGN_IDENTITY_FOR_ITEMS}" --entitlements "${CODE_SIGN_ENTITLEMENTS}" "${ITEM}"
RESULT=$?
if [[ $RESULT != 0 ]] ; then
echo "Failed to sign '${ITEM}'."
IFS=$SAVED_IFS
exit 1
fi
done

# Restore $IFS.
IFS=$SAVED_IFS

fi
</string>
			</dict>
			<key>99FA3DBB1C7456C400CFA0EE</key>
			<dict>
				<key>baseConfigurationReference</key>
				<string>E4EB6923138AFD0F00A09F29</string>
				<key>buildSettings</key>
				<dict>
					<key>HEADER_SEARCH_PATHS</key>
					<array>
						<string>$(OF_CORE_HEADERS)</string>
						<string>src</string>
						<string>../../../addons/ofxGuiExtended/src</string>
						<string>../../../addons/ofxGuiExtended/src/DOM</string>
						<string>../../../addons/ofxGuiExtended/src/containers</string>
						<string>../../../addons/ofxGuiExtended/src/controls</string>
						<string>../../../addons/ofxGuiExtended/src/util</string>
						<string>../../../addons/ofxGuiExtended/src/view</string>
					</array>
					<key>CONFIGURATION_BUILD_DIR</key>
					<string>$(SRCROOT)/bin/</string>
					<key>COPY_PHASE_STRIP</key>
					<string>YES</string>
					<key>DEAD_CODE_STRIPPING</key>
					<string>YES</string>
					<key>GCC_AUTO_VECTORIZATION</key>
					<string>YES</string>
					<key>GCC_ENABLE_SSE3_EXTENSIONS</key>
					<string>YES</string>
					<key>GCC_ENABLE_SUPPLEMENTAL_SSE3_INSTRUCTIONS</key>
					<string>YES</string>
					<key>GCC_INLINES_ARE_PRIVATE_EXTERN</key>
					<string>NO</string>
					<key>GCC_OPTIMIZATION_LEVEL</key>
					<string>3</string>
					<key>GCC_PREPROCESSOR_DEFINITIONS[arch=*]</key>
					<string>DISTRIBUTION=1</string>
					<key>GCC_SYMBOLS_PRIVATE_EXTERN</key>
					<string>NO</string>
					<key>GCC_UNROLL_LOOPS</key>
					<string>YES</string>
					<key>GCC_WARN_ABOUT_DEPRECATED_FUNCTIONS</key>
					<string>YES</string>
					<key>GCC_WARN_ABOUT_INVALID_OFFSETOF_MACRO</key>
					<string>NO</string>
					<key>GCC_WARN_ALLOW_INCOMPLETE_PROTOCOL</key>
					<string>NO</string>
					<key>GCC_WARN_UNINITIALIZED_AUTOS</key>
					<string>NO</string>
					<key>GCC_WARN_UNUSED_VALUE</key>
					<string>NO</string>
					<key>GCC_WARN_UNUSED_VARIABLE</key>
					<string>NO</string>
					<key>MACOSX_DEPLOYMENT_TARGET</key>
					<string>10.9</string>
					<key>OTHER_CPLUSPLUSFLAGS</key>
					<array>
						<string>-D__MACOSX_CORE__</string>
						<string>-mtune=native</string>
					</array>
					<key>SDKROOT</key>
					<string>macosx</string>
				</dict>
				<key>isa</key>
				<string>XCBuildConfiguration</string>
				<key>name</key>
				<string>AppStore</string>
			</dict>
			<key>99FA3DBC1C7456C400CFA0EE</key>
			<dict>
				<key>baseConfigurationReference</key>
				<string>E4EB6923138AFD0F00A09F29</string>
				<key>buildSettings</key>
				<dict>
					<key>HEADER_SEARCH_PATHS</key>
					<array>
						<string>$(OF_CORE_HEADERS)</string>
						<string>src</string>
						<string>../../../addons/ofxGuiExtended/src</string>
						<string>../../../addons/ofxGuiExtended/src/DOM</string>
						<string>../../../addons/ofxGuiExtended/src/containers</string>
						<string>../../../addons/ofxGuiExtended/src/controls</string>
						<string>../../../addons/ofxGuiExtended/src/util</string>
						<string>../../../addons/ofxGuiExtended/src/view</string>
					</array>
					<key>COMBINE_HIDPI_IMAGES</key>
					<string>YES</string>
					<key>COPY_PHASE_STRIP</key>
					<string>YES</string>
					<key>FRAMEWORK_SEARCH_PATHS</key>
					<array>
						<string>$(inherited)</string>
					</array>
					<key>GCC_GENERATE_DEBUGGING_SYMBOLS</key>
					<string>YES</string>
					<key>GCC_MODEL_TUNING</key>
					<string>NONE</string>
					<key>GCC_PREPROCESSOR_DEFINITIONS[arch=*]</key>
					<string>APPSTORE=1</string>
					<key>ICON</key>
					<string>$(ICON_NAME_RELEASE)</string>
					<key>ICON_FILE</key>
					<string>$(ICON_FILE_PATH)$(ICON)</string>
					<key>INFOPLIST_FILE</key>
					<string>openFrameworks-Info.plist</string>
					<key>INSTALL_PATH</key>
					<string>/Applications</string>
					<key>LIBRARY_SEARCH_PATHS</key>
					<string>$(inherited)</string>
					<key>PRODUCT_NAME</key>
					<string>$(TARGET_NAME)</string>
					<key>WRAPPER_EXTENSION</key>
					<string>app</string>
					<key>baseConfigurationReference</key>
					<string>E4EB6923138AFD0F00A09F29</string>
				</dict>
				<key>isa</key>
				<string>XCBuildConfiguration</string>
				<key>name</key>
				<string>AppStore</string>
			</dict>
			<key>BB4B014C10F69532006C3DED</key>
			<dict>
				<key>children</key>
				<array>
					<string>DFCCF8BDC58AFA44D27F9F11</string>
				</array>
				<key>isa</key>
				<string>PBXGroup</string>
				<key>name</key>
				<string>addons</string>
				<key>sourceTree</key>
				<string>&lt;group&gt;</string>
			</dict>
			<key>E4328143138ABC890047C5CB</key>
			<dict>
				<key>isa</key>
				<string>PBXFileReference</string>
				<key>lastKnownFileType</key>
				<string>wrapper.pb-project</string>
				<key>name</key>
				<string>openFrameworksLib.xcodeproj</string>
				<key>path</key>
				<string>../../../libs/openFrameworksCompiled/project/osx/openFrameworksLib.xcodeproj</string>
				<key>sourceTree</key>
				<string>SOURCE_ROOT</string>
			</dict>
			<key>E4328144138ABC890047C5CB</key>
			<dict>
				<key>children</key>
				<array>
					<string>E4328148138ABC890047C5CB</string>
				</array>
				<key>isa</key>
				<string>PBXGroup</string>
				<key>name</key>
				<string>Products</string>
				<key>sourceTree</key>
				<string>&lt;group&gt;</string>
			</dict>
			<key>E4328147138ABC890047C5CB</key>
			<dict>
				<key>containerPortal</key>
				<string>E4328143138ABC890047C5CB</string>
				<key>isa</key>
				<string>PBXContainerItemProxy</string>
				<key>proxyType</key>
				<string>2</string>
				<key>remoteGlobalIDString</key>
				<string>E4B27C1510CBEB8E00536013</string>
				<key>remoteInfo</key>
				<string>openFrameworks</string>
			</dict>
			<key>E4328148138ABC890047C5CB</key>
			<dict>
				<key>fileType</key>
				<string>archive.ar</string>
				<key>isa</key>
				<string>PBXReferenceProxy</string>
				<key>path</key>
				<string>openFrameworksDebug.a</string>
				<key>remoteRef</key>
				<string>E4328147138ABC890047C5CB</string>
				<key>sourceTree</key>
				<string>BUILT_PRODUCTS_DIR</string>
			</dict>
			<key>E4328149138ABC9F0047C5CB</key>
			<dict>
				<key>fileRef</key>
				<string>E4328148138ABC890047C5CB</string>
				<key>isa</key>
				<string>PBXBuildFile</string>
			</dict>
			<key>E4B69B4A0A3A1720003C02F2</key>
			<dict>
				<key>children</key>
				<array>
					<string>E4B6FCAD0C3E899E008CF71C</string>
					<string>E4EB6923138AFD0F00A09F29</string>
					<string>E4B69E1C0A3A1BDC003C02F2</string>
					<string>E4EEC9E9138DF44700A80321</string>
					<string>BB4B014C10F69532006C3DED</string>
					<string>6948EE371B920CB800B5AC1A</string>
					<string>E4B69B5B0A3A1756003C02F2</string>
				</array>
				<key>isa</key>
				<string>PBXGroup</string>
				<key>sourceTree</key>
				<string>&lt;group&gt;</string>
			</dict>
			<key>E4B69B4C0A3A1720003C02F2</key>
			<dict>
				<key>attributes</key>
				<dict>
					<key>LastUpgradeCheck</key>
					<string>0600</string>
				</dict>
				<key>buildConfigurationList</key>
				<string>E4B69B4D0A3A1720003C02F2</string>
				<key>compatibilityVersion</key>
				<string>Xcode 3.2</string>
				<key>developmentRegion</key>
				<string>English</string>
				<key>hasScannedForEncodings</key>
				<string>0</string>
				<key>isa</key>
				<string>PBXProject</string>
				<key>knownRegions</key>
				<array>
					<string>English</string>
					<string>Japanese</string>
					<string>French</string>
					<string>German</string>
				</array>
				<key>mainGroup</key>
				<string>E4B69B4A0A3A1720003C02F2</string>
				<key>productRefGroup</key>
				<string>E4B69B4A0A3A1720003C02F2</string>
				<key>projectDirPath</key>
				<string />
				<key>projectReferences</key>
				<array>
					<dict>
						<key>ProductGroup</key>
						<string>E4328144138ABC890047C5CB</string>
						<key>ProjectRef</key>
						<string>E4328143138ABC890047C5CB</string>
					</dict>
				</array>
				<key>projectRoot</key>
				<string />
				<key>targets</key>
				<array>
					<string>E4B69B5A0A3A1756003C02F2</string>
				</array>
			</dict>
			<key>E4B69B4D0A3A1720003C02F2</key>
			<dict>
				<key>buildConfigurations</key>
				<array>
					<string>E4B69B4E0A3A1720003C02F2</string>
					<string>E4B69B4F0A3A1720003C02F2</string>
					<string>99FA3DBB1C7456C400CFA0EE</string>
				</array>
				<key>defaultConfigurationIsVisible</key>
				<string>0</string>
				<key>defaultConfigurationName</key>
				<string>Release</string>
				<key>isa</key>
				<string>XCConfigurationList</string>
			</dict>
			<key>E4B69B4E0A3A1720003C02F2</key>
			<dict>
				<key>baseConfigurationReference</key>
				<string>E4EB6923138AFD0F00A09F29</string>
				<key>buildSettings</key>
				<dict>
					<key>HEADER_SEARCH_PATHS</key>
					<array>
						<string>$(OF_CORE_HEADERS)</string>
						<string>src</string>
						<string>../../../addons/ofxGuiExtended/src</string>
						<string>../../../addons/ofxGuiExtended/src/DOM</string>
						<string>../../../addons/ofxGuiExtended/src/containers</string>
						<string>../../../addons/ofxGuiExtended/src/controls</string>
						<string>../../../addons/ofxGuiExtended/src/util</string>
						<string>../../../addons/ofxGuiExtended/src/view</string>
					</array>
					<key>CONFIGURATION_BUILD_DIR</key>
					<string>$(SRCROOT)/bin/</string>
					<key>COPY_PHASE_STRIP</key>
					<string>NO</string>
					<key>DEAD_CODE_STRIPPING</key>
					<string>YES</string>
					<key>GCC_AUTO_VECTORIZATION</key>
					<string>YES</string>
					<key>GCC_ENABLE_SSE3_EXTENSIONS</key>
					<string>YES</string>
					<key>GCC_ENABLE_SUPPLEMENTAL_SSE3_INSTRUCTIONS</key>
					<string>YES</string>
					<key>GCC_INLINES_ARE_PRIVATE_EXTERN</key>
					<string>NO</string>
					<key>GCC_OPTIMIZATION_LEVEL</key>
					<string>0</string>
					<key>GCC_SYMBOLS_PRIVATE_EXTERN</key>
					<string>NO</string>
					<key>GCC_WARN_ABOUT_DEPRECATED_FUNCTIONS</key>
					<string>YES</string>
					<key>GCC_WARN_ABOUT_INVALID_OFFSETOF_MACRO</key>
					<string>NO</string>
					<key>GCC_WARN_ALLOW_INCOMPLETE_PROTOCOL</key>
					<string>NO</string>
					<key>GCC_WARN_UNINITIALIZED_AUTOS</key>
					<string>NO</string>
					<key>GCC_WARN_UNUSED_VALUE</key>
					<string>NO</string>
					<key>GCC_WARN_UNUSED_VARIABLE</key>
					<string>NO</string>
					<key>MACOSX_DEPLOYMENT_TARGET</key>
					<string>10.9</string>
					<key>ONLY_ACTIVE_ARCH</key>
					<string>YES</string>
					<key>OTHER_CPLUSPLUSFLAGS</key>
					<array>
						<string>-D__MACOSX_CORE__</string>
						<string>-mtune=native</string>
					</array>
					<key>SDKROOT</key>
					<string>macosx</string>
				</dict>
				<key>isa</key>
				<string>XCBuildConfiguration</string>
				<key>name</key>
				<string>Debug</string>
			</dict>
			<key>E4B69B4F0A3A1720003C02F2</key>
			<dict>
				<key>baseConfigurationReference</key>
				<string>E4EB6923138AFD0F00A09F29</string>
				<key>buildSettings</key>
				<dict>
					<key>HEADER_SEARCH_PATHS</key>
					<array>
						<string>$(OF_CORE_HEADERS)</string>
						<string>src</string>
						<string>../../../addons/ofxGuiExtended/src</string>
						<string>../../../addons/ofxGuiExtended/src/DOM</string>
						<string>../../../addons/ofxGuiExtended/src/containers</string>
						<string>../../../addons/ofxGuiExtended/src/controls</string>
						<string>../../../addons/ofxGuiExtended/src/util</string>
						<string>../../../addons/ofxGuiExtended/src/view</string>
					</array>
					<key>CONFIGURATION_BUILD_DIR</key>
					<string>$(SRCROOT)/bin/</string>
					<key>COPY_PHASE_STRIP</key>
					<string>YES</string>
					<key>DEAD_CODE_STRIPPING</key>
					<string>YES</string>
					<key>GCC_AUTO_VECTORIZATION</key>
					<string>YES</string>
					<key>GCC_ENABLE_SSE3_EXTENSIONS</key>
					<string>YES</string>
					<key>GCC_ENABLE_SUPPLEMENTAL_SSE3_INSTRUCTIONS</key>
					<string>YES</string>
					<key>GCC_INLINES_ARE_PRIVATE_EXTERN</key>
					<string>NO</string>
					<key>GCC_OPTIMIZATION_LEVEL</key>
					<string>3</string>
					<key>GCC_SYMBOLS_PRIVATE_EXTERN</key>
					<string>NO</string>
					<key>GCC_UNROLL_LOOPS</key>
					<string>YES</string>
					<key>GCC_WARN_ABOUT_DEPRECATED_FUNCTIONS</key>
					<string>YES</string>
					<key>GCC_WARN_ABOUT_INVALID_OFFSETOF_MACRO</key>
					<string>NO</string>
					<key>GCC_WARN_ALLOW_INCOMPLETE_PROTOCOL</key>
					<string>NO</string>
					<key>GCC_WARN_UNINITIALIZED_AUTOS</key>
					<string>NO</string>
					<key>GCC_WARN_UNUSED_VALUE</key>
					<string>NO</string>
					<key>GCC_WARN_UNUSED_VARIABLE</key>
					<string>NO</string>
					<key>MACOSX_DEPLOYMENT_TARGET</key>
					<string>10.9</string>
					<key>OTHER_CPLUSPLUSFLAGS</key>
					<array>
						<string>-D__MACOSX_CORE__</string>
						<string>-mtune=native</string>
					</array>
					<key>SDKROOT</key>
					<string>macosx</string>
				</dict>
				<key>isa</key>
				<string>XCBuildConfiguration</string>
				<key>name</key>
				<string>Release</string>
			</dict>
			<key>E4B69B580A3A1756003C02F2</key>
			<dict>
				<key>buildActionMask</key>
				<string>2147483647</string>
				<key>files</key>
				<array>
					<string>E4B69E200A3A1BDC003C02F2</string>
					<string>E4B69E210A3A1BDC003C02F2</string>
					<string>44545A9D3367197D1CE8DC18</string>
					<string>430300F687323CE1F5D14062</string>
					<string>FAA0E29FB390332008E4F19A</string>
					<string>ED28C29028FC6EC7B05354E7</string>
					<string>3C8DAD7A64F6347D7021518E</string>
					<string>D1F07B0CD403BD9B4A42B691</string>
					<string>8DE52B72CB62786CAB8233F7</string>
					<string>4524F366BF3EEC2EFC12B68F</string>
					<string>F2DE26B77052C57086C4C69B</string>
					<string>7CEBB18388F905779AB54F80</string>
					<string>F632072F6E6313CD75B4B70F</string>
					<string>7A22364A34D38C91D859D354</string>
					<string>35535925AAEE52A64874B881</string>
					<string>7AB003C531E50666511A7982</string>
					<string>5DF76B748ED2393A56E6914F</string>
					<string>03CD6A4243F666D36FA8F868</string>
					<string>96D881793A465B099189E933</string>
					<string>C688DEE8EC1EFF0A266883D3</string>
					<string>D8C5E586C319057792A7D92E</string>
					<string>FAB5D5A57D66F2406B4066CE</string>
					<string>1E47EA1A0575BB8C39BB0E96</string>
					<string>1E8A4D9D2831059ADAC237E1</string>
					<string>792274FFC375D4C8CFEE755F</string>
					<string>5C0FDE412DD777CB0A2BCB2D</string>
					<string>08127807991AB0BB4BC8C75F</string>
					<string>3E7DD42BFE1A6D10F6481124</string>
					<string>4EA4D975B78D41287C17E8B0</string>
					<string>6A28C9A4457912691EF73C5A</string>
				</array>
				<key>isa</key>
				<string>PBXSourcesBuildPhase</string>
				<key>runOnlyForDeploymentPostprocessing</key>
				<string>0</string>
			</dict>
			<key>E4B69B590A3A1756003C02F2</key>
			<dict>
				<key>buildActionMask</key>
				<string>2147483647</string>
				<key>files</key>
				<array>
					<string>E4328149138ABC9F0047C5CB</string>
				</array>
				<key>isa</key>
				<string>PBXFrameworksBuildPhase</string>
				<key>runOnlyForDeploymentPostprocessing</key>
				<string>0</string>
			</dict>
			<key>E4B69B5A0A3A1756003C02F2</key>
			<dict>
				<key>buildConfigurationList</key>
				<string>E4B69B5F0A3A1757003C02F2</string>
				<key>buildPhases</key>
				<array>
					<string>E4B69B580A3A1756003C02F2</string>
					<string>E4B69B590A3A1756003C02F2</string>
					<string>E4B6FFFD0C3F9AB9008CF71C</string>
					<string>E4C2427710CC5ABF004149E2</string>
					<string>8466F1851C04CA0E00918B1C</string>
				</array>
				<key>buildRules</key>
				<array />
				<key>dependencies</key>
				<array>
					<string>E4EEB9AC138B136A00A80321</string>
				</array>
				<key>isa</key>
				<string>PBXNativeTarget</string>
				<key>name</key>
				<string>sineTesting</string>
				<key>productName</key>
				<string>myOFApp</string>
				<key>productReference</key>
				<string>E4B69B5B0A3A1756003C02F2</string>
				<key>productType</key>
				<string>com.apple.product-type.application</string>
			</dict>
			<key>E4B69B5B0A3A1756003C02F2</key>
			<dict>
				<key>explicitFileType</key>
				<string>wrapper.application</string>
				<key>includeInIndex</key>
				<string>0</string>
				<key>isa</key>
				<string>PBXFileReference</string>
				<key>path</key>
				<string>sineTestingDebug.app</string>
				<key>sourceTree</key>
				<string>BUILT_PRODUCTS_DIR</string>
			</dict>
			<key>E4B69B5F0A3A1757003C02F2</key>
			<dict>
				<key>buildConfigurations</key>
				<array>
					<string>E4B69B600A3A1757003C02F2</string>
					<string>E4B69B610A3A1757003C02F2</string>
					<string>99FA3DBC1C7456C400CFA0EE</string>
				</array>
				<key>defaultConfigurationIsVisible</key>
				<string>0</string>
				<key>defaultConfigurationName</key>
				<string>Release</string>
				<key>isa</key>
				<string>XCConfigurationList</string>
			</dict>
			<key>E4B69B600A3A1757003C02F2</key>
			<dict>
				<key>baseConfigurationReference</key>
				<string>E4EB6923138AFD0F00A09F29</string>
				<key>buildSettings</key>
				<dict>
					<key>HEADER_SEARCH_PATHS</key>
					<array>
						<string>$(OF_CORE_HEADERS)</string>
						<string>src</string>
						<string>../../../addons/ofxGuiExtended/src</string>
						<string>../../../addons/ofxGuiExtended/src/DOM</string>
						<string>../../../addons/ofxGuiExtended/src/containers</string>
						<string>../../../addons/ofxGuiExtended/src/controls</string>
						<string>../../../addons/ofxGuiExtended/src/util</string>
						<string>../../../addons/ofxGuiExtended/src/view</string>
					</array>
					<key>COMBINE_HIDPI_IMAGES</key>
					<string>YES</string>
					<key>COPY_PHASE_STRIP</key>
					<string>NO</string>
					<key>FRAMEWORK_SEARCH_PATHS</key>
					<array>
						<string>$(inherited)</string>
					</array>
					<key>GCC_DYNAMIC_NO_PIC</key>
					<string>NO</string>
					<key>GCC_GENERATE_DEBUGGING_SYMBOLS</key>
					<string>YES</string>
					<key>GCC_MODEL_TUNING</key>
					<string>NONE</string>
					<key>ICON</key>
					<string>$(ICON_NAME_DEBUG)</string>
					<key>ICON_FILE</key>
					<string>$(ICON_FILE_PATH)$(ICON)</string>
					<key>INFOPLIST_FILE</key>
					<string>openFrameworks-Info.plist</string>
					<key>INSTALL_PATH</key>
					<string>/Applications</string>
					<key>LIBRARY_SEARCH_PATHS</key>
					<string>$(inherited)</string>
					<key>PRODUCT_NAME</key>
					<string>$(TARGET_NAME)Debug</string>
					<key>WRAPPER_EXTENSION</key>
					<string>app</string>
				</dict>
				<key>isa</key>
				<string>XCBuildConfiguration</string>
				<key>name</key>
				<string>Debug</string>
			</dict>
			<key>E4B69B610A3A1757003C02F2</key>
			<dict>
				<key>baseConfigurationReference</key>
				<string>E4EB6923138AFD0F00A09F29</string>
				<key>buildSettings</key>
				<dict>
					<key>HEADER_SEARCH_PATHS</key>
					<array>
						<string>$(OF_CORE_HEADERS)</string>
						<string>src</string>
						<string>../../../addons/ofxGuiExtended/src</string>
						<string>../../../addons/ofxGuiExtended/src/DOM</string>
						<string>../../../addons/ofxGuiExtended/src/containers</string>
						<string>../../../addons/ofxGuiExtended/src/controls</string>
						<string>../../../addons/ofxGuiExtended/src/util</string>
						<string>../../../addons/ofxGuiExtended/src/view</string>
					</array>
					<key>COMBINE_HIDPI_IMAGES</key>
					<string>YES</string>
					<key>COPY_PHASE_STRIP</key>
					<string>YES</string>
					<key>FRAMEWORK_SEARCH_PATHS</key>
					<array>
						<string>$(inherited)</string>
					</array>
					<key>GCC_GENERATE_DEBUGGING_SYMBOLS</key>
					<string>YES</string>
					<key>GCC_MODEL_TUNING</key>
					<string>NONE</string>
					<key>ICON</key>
					<string>$(ICON_NAME_RELEASE)</string>
					<key>ICON_FILE</key>
					<string>$(ICON_FILE_PATH)$(ICON)</string>
					<key>INFOPLIST_FILE</key>
					<string>openFrameworks-Info.plist</string>
					<key>INSTALL_PATH</key>
					<string>/Applications</string>
					<key>LIBRARY_SEARCH_PATHS</key>
					<string>$(inherited)</string>
					<key>PRODUCT_NAME</key>
					<string>$(TARGET_NAME)</string>
					<key>WRAPPER_EXTENSION</key>
					<string>app</string>
					<key>baseConfigurationReference</key>
					<string>E4EB6923138AFD0F00A09F29</string>
				</dict>
				<key>isa</key>
				<string>XCBuildConfiguration</string>
				<key>name</key>
				<string>Release</string>
			</dict>
			<key>E4B69E1C0A3A1BDC003C02F2</key>
			<dict>
				<key>children</key>
				<array>
					<string>E4B69E1D0A3A1BDC003C02F2</string>
					<string>E4B69E1E0A3A1BDC003C02F2</string>
					<string>E4B69E1F0A3A1BDC003C02F2</string>
				</array>
				<key>isa</key>
				<string>PBXGroup</string>
				<key>path</key>
				<string>src</string>
				<key>sourceTree</key>
				<string>SOURCE_ROOT</string>
			</dict>
			<key>E4B69E1D0A3A1BDC003C02F2</key>
			<dict>
				<key>fileEncoding</key>
				<string>4</string>
				<key>isa</key>
				<string>PBXFileReference</string>
				<key>lastKnownFileType</key>
				<string>sourcecode.cpp.cpp</string>
				<key>name</key>
				<string>main.cpp</string>
				<key>path</key>
				<string>src/main.cpp</string>
				<key>sourceTree</key>
				<string>SOURCE_ROOT</string>
			</dict>
			<key>E4B69E1E0A3A1BDC003C02F2</key>
			<dict>
				<key>explicitFileType</key>
				<string>sourcecode.cpp.cpp</string>
				<key>fileEncoding</key>
				<string>4</string>
				<key>isa</key>
				<string>PBXFileReference</string>
				<key>name</key>
				<string>ofApp.cpp</string>
				<key>path</key>
				<string>src/ofApp.cpp</string>
				<key>sourceTree</key>
				<string>SOURCE_ROOT</string>
			</dict>
			<key>E4B69E1F0A3A1BDC003C02F2</key>
			<dict>
				<key>fileEncoding</key>
				<string>4</string>
				<key>isa</key>
				<string>PBXFileReference</string>
				<key>lastKnownFileType</key>
				<string>sourcecode.c.h</string>
				<key>name</key>
				<string>ofApp.h</string>
				<key>path</key>
				<string>src/ofApp.h</string>
				<key>sourceTree</key>
				<string>SOURCE_ROOT</string>
			</dict>
			<key>E4B69E200A3A1BDC003C02F2</key>
			<dict>
				<key>fileRef</key>
				<string>E4B69E1D0A3A1BDC003C02F2</string>
				<key>isa</key>
				<string>PBXBuildFile</string>
			</dict>
			<key>E4B69E210A3A1BDC003C02F2</key>
			<dict>
				<key>fileRef</key>
				<string>E4B69E1E0A3A1BDC003C02F2</string>
				<key>isa</key>
				<string>PBXBuildFile</string>
			</dict>
			<key>E4B6FCAD0C3E899E008CF71C</key>
			<dict>
				<key>fileEncoding</key>
				<string>4</string>
				<key>isa</key>
				<string>PBXFileReference</string>
				<key>lastKnownFileType</key>
				<string>text.plist.xml</string>
				<key>path</key>
				<string>openFrameworks-Info.plist</string>
				<key>sourceTree</key>
				<string>&lt;group&gt;</string>
			</dict>
			<key>E4B6FFFD0C3F9AB9008CF71C</key>
			<dict>
				<key>buildActionMask</key>
				<string>2147483647</string>
				<key>files</key>
				<array />
				<key>inputPaths</key>
				<array />
				<key>isa</key>
				<string>PBXShellScriptBuildPhase</string>
				<key>outputPaths</key>
				<array />
				<key>runOnlyForDeploymentPostprocessing</key>
				<string>0</string>
				<key>shellPath</key>
				<string>/bin/sh</string>
				<key>shellScript</key>
				<string>mkdir -p "$TARGET_BUILD_DIR/$PRODUCT_NAME.app/Contents/Resources/"
# Copy default icon file into App/Resources
rsync -aved "$ICON_FILE" "$TARGET_BUILD_DIR/$PRODUCT_NAME.app/Contents/Resources/"
# Copy libfmod and change install directory for fmod to run
rsync -aved "$OF_PATH/libs/fmodex/lib/osx/libfmodex.dylib" "$TARGET_BUILD_DIR/$PRODUCT_NAME.app/Contents/Frameworks/";
install_name_tool -change @executable_path/libfmodex.dylib @executable_path/../Frameworks/libfmodex.dylib "$TARGET_BUILD_DIR/$PRODUCT_NAME.app/Contents/MacOS/$PRODUCT_NAME";

echo "$GCC_PREPROCESSOR_DEFINITIONS";
</string>
			</dict>
			<key>E4C2427710CC5ABF004149E2</key>
			<dict>
				<key>buildActionMask</key>
				<string>2147483647</string>
				<key>dstPath</key>
				<string />
				<key>dstSubfolderSpec</key>
				<string>10</string>
				<key>files</key>
				<array />
				<key>isa</key>
				<string>PBXCopyFilesBuildPhase</string>
				<key>runOnlyForDeploymentPostprocessing</key>
				<string>0</string>
			</dict>
			<key>E4EB691F138AFCF100A09F29</key>
			<dict>
				<key>fileEncoding</key>
				<string>4</string>
				<key>isa</key>
				<string>PBXFileReference</string>
				<key>lastKnownFileType</key>
				<string>text.xcconfig</string>
				<key>name</key>
				<string>CoreOF.xcconfig</string>
				<key>path</key>
				<string>../../../libs/openFrameworksCompiled/project/osx/CoreOF.xcconfig</string>
				<key>sourceTree</key>
				<string>SOURCE_ROOT</string>
			</dict>
			<key>E4EB6923138AFD0F00A09F29</key>
			<dict>
				<key>fileEncoding</key>
				<string>4</string>
				<key>isa</key>
				<string>PBXFileReference</string>
				<key>lastKnownFileType</key>
				<string>text.xcconfig</string>
				<key>path</key>
				<string>Project.xcconfig</string>
				<key>sourceTree</key>
				<string>&lt;group&gt;</string>
			</dict>
			<key>E4EEB9AB138B136A00A80321</key>
			<dict>
				<key>containerPortal</key>
				<string>E4328143138ABC890047C5CB</string>
				<key>isa</key>
				<string>PBXContainerItemProxy</string>
				<key>proxyType</key>
				<string>1</string>
				<key>remoteGlobalIDString</key>
				<string>E4B27C1410CBEB8E00536013</string>
				<key>remoteInfo</key>
				<string>openFrameworks</string>
			</dict>
			<key>E4EEB9AC138B136A00A80321</key>
			<dict>
				<key>isa</key>
				<string>PBXTargetDependency</string>
				<key>name</key>
				<string>openFrameworks</string>
				<key>targetProxy</key>
				<string>E4EEB9AB138B136A00A80321</string>
			</dict>
			<key>E4EEC9E9138DF44700A80321</key>
			<dict>
				<key>children</key>
				<array>
					<string>E4EB691F138AFCF100A09F29</string>
					<string>E4328143138ABC890047C5CB</string>
				</array>
				<key>isa</key>
				<string>PBXGroup</string>
				<key>name</key>
				<string>openFrameworks</string>
				<key>sourceTree</key>
				<string>&lt;group&gt;</string>
			</dict>
		</dict>
		<key>rootObject</key>
		<string>E4B69B4C0A3A1720003C02F2</string>
	</dict>
</plist>
